
Microsoft Visual Studio Solution File, Format Version 12.00
# Visual Studio 2013
VisualStudioVersion = 12.0.31101.0
MinimumVisualStudioVersion = 10.0.40219.1
Project("{FAE04EC0-301F-11D3-BF4B-00C04F79EFBC}") = "TimeTableEntities", "TimeTableEntities\TimeTableEntities.csproj", "{9ABC4230-AE72-40B6-AD3B-1FF8C5109DFF}"
EndProject
Global
	GlobalSection(SolutionConfigurationPlatforms) = preSolution
		Debug|Any CPU = Debug|Any CPU
		Release|Any CPU = Release|Any CPU
	EndGlobalSection
	GlobalSection(ProjectConfigurationPlatforms) = postSolution
		{9ABC4230-AE72-40B6-AD3B-1FF8C5109DFF}.Debug|Any CPU.ActiveCfg = Debug|Any CPU
		{9ABC4230-AE72-40B6-AD3B-1FF8C5109DFF}.Debug|Any CPU.Build.0 = Debug|Any CPU
		{9ABC4230-AE72-40B6-AD3B-1FF8C5109DFF}.Release|Any CPU.ActiveCfg = Release|Any CPU
		{9ABC4230-AE72-40B6-AD3B-1FF8C5109DFF}.Release|Any CPU.Build.0 = Release|Any CPU
	EndGlobalSection
	GlobalSection(SolutionProperties) = preSolution
		HideSolutionNode = FALSE
	EndGlobalSection
EndGlobal
